
Microsoft Visual Studio Solution File, Format Version 12.00
# Visual Studio Version 16
VisualStudioVersion = 16.0.30503.244
MinimumVisualStudioVersion = 10.0.40219.1
Project("{9A19103F-16F7-4668-BE54-9A1E7A4F7556}") = "Jobsity.Chat.UI", "Jobsity.Chat.UI\Jobsity.Chat.UI.csproj", "{3E423C0F-3F45-4A09-89F1-47A218251B79}"
EndProject
Project("{9A19103F-16F7-4668-BE54-9A1E7A4F7556}") = "Jobsity.Chat.DataContext", "Jobsity.Chat.DataContext\Jobsity.Chat.DataContext.csproj", "{212B7211-4BD5-453E-A77D-17BAF9BE55A1}"
EndProject
Project("{FAE04EC0-301F-11D3-BF4B-00C04F79EFBC}") = "Jobsity.Chat.Contracts", "Jobsity.Chat.Contracts\Jobsity.Chat.Contracts.csproj", "{377145DE-69EF-42CA-B13F-40089608995E}"
EndProject
Global
	GlobalSection(SolutionConfigurationPlatforms) = preSolution
		Debug|Any CPU = Debug|Any CPU
		Release|Any CPU = Release|Any CPU
	EndGlobalSection
	GlobalSection(ProjectConfigurationPlatforms) = postSolution
		{3E423C0F-3F45-4A09-89F1-47A218251B79}.Debug|Any CPU.ActiveCfg = Debug|Any CPU
		{3E423C0F-3F45-4A09-89F1-47A218251B79}.Debug|Any CPU.Build.0 = Debug|Any CPU
		{3E423C0F-3F45-4A09-89F1-47A218251B79}.Release|Any CPU.ActiveCfg = Release|Any CPU
		{3E423C0F-3F45-4A09-89F1-47A218251B79}.Release|Any CPU.Build.0 = Release|Any CPU
		{212B7211-4BD5-453E-A77D-17BAF9BE55A1}.Debug|Any CPU.ActiveCfg = Debug|Any CPU
		{212B7211-4BD5-453E-A77D-17BAF9BE55A1}.Debug|Any CPU.Build.0 = Debug|Any CPU
		{212B7211-4BD5-453E-A77D-17BAF9BE55A1}.Release|Any CPU.ActiveCfg = Release|Any CPU
		{212B7211-4BD5-453E-A77D-17BAF9BE55A1}.Release|Any CPU.Build.0 = Release|Any CPU
		{377145DE-69EF-42CA-B13F-40089608995E}.Debug|Any CPU.ActiveCfg = Debug|Any CPU
		{377145DE-69EF-42CA-B13F-40089608995E}.Debug|Any CPU.Build.0 = Debug|Any CPU
		{377145DE-69EF-42CA-B13F-40089608995E}.Release|Any CPU.ActiveCfg = Release|Any CPU
		{377145DE-69EF-42CA-B13F-40089608995E}.Release|Any CPU.Build.0 = Release|Any CPU
	EndGlobalSection
	GlobalSection(SolutionProperties) = preSolution
		HideSolutionNode = FALSE
	EndGlobalSection
	GlobalSection(ExtensibilityGlobals) = postSolution
		SolutionGuid = {7736691F-EBAD-434A-99D5-7E481375CE3F}
	EndGlobalSection
EndGlobal
